
Microsoft Visual Studio Solution File, Format Version 12.00
# Visual Studio Version 17
VisualStudioVersion = 17.13.35931.197
MinimumVisualStudioVersion = 10.0.40219.1
Project("{FAE04EC0-301F-11D3-BF4B-00C04F79EFBC}") = "MaiChart2SimaiChart", "MaiChart2SimaiChart\MaiChart2SimaiChart.csproj", "{CC8667E2-575B-490A-A310-AFD342487FF5}"
EndProject
Project("{FAE04EC0-301F-11D3-BF4B-00C04F79EFBC}") = "MaiLib", "MaiLib\MaiLib.csproj", "{9E71835F-28A4-4288-A9B4-18EE4F0C1D5D}"
EndProject
Project("{FAE04EC0-301F-11D3-BF4B-00C04F79EFBC}") = "LB_Common", "XV2-Tools\LB_Common\LB_Common.csproj", "{513B1851-4576-45EC-8F8E-400A38B05502}"
EndProject
Project("{FAE04EC0-301F-11D3-BF4B-00C04F79EFBC}") = "Xv2CoreLib", "XV2-Tools\Xv2CoreLib\Xv2CoreLib.csproj", "{FDB88E51-0D73-47B9-A342-E574EC0BA583}"
EndProject
Project("{FAE04EC0-301F-11D3-BF4B-00C04F79EFBC}") = "MaiChart2SimaiChart.Cli", "MaiChart2SimaiChart.Cli\MaiChart2SimaiChart.Cli.csproj", "{D59E1840-2204-4E6D-A38F-B284A85903BD}"
EndProject
Project("{FAE04EC0-301F-11D3-BF4B-00C04F79EFBC}") = "MaiChart2SimaiChart.Gui", "MaiChart2SimaiChart.Gui\MaiChart2SimaiChart.Gui.csproj", "{EC371A75-3507-43C0-B988-642A16C912B2}"
EndProject
Global
	GlobalSection(SolutionConfigurationPlatforms) = preSolution
		Debug|Any CPU = Debug|Any CPU
		Release|Any CPU = Release|Any CPU
	EndGlobalSection
	GlobalSection(ProjectConfigurationPlatforms) = postSolution
		{CC8667E2-575B-490A-A310-AFD342487FF5}.Debug|Any CPU.ActiveCfg = Debug|Any CPU
		{CC8667E2-575B-490A-A310-AFD342487FF5}.Debug|Any CPU.Build.0 = Debug|Any CPU
		{CC8667E2-575B-490A-A310-AFD342487FF5}.Release|Any CPU.ActiveCfg = Release|Any CPU
		{CC8667E2-575B-490A-A310-AFD342487FF5}.Release|Any CPU.Build.0 = Release|Any CPU
		{9E71835F-28A4-4288-A9B4-18EE4F0C1D5D}.Debug|Any CPU.ActiveCfg = Debug|Any CPU
		{9E71835F-28A4-4288-A9B4-18EE4F0C1D5D}.Debug|Any CPU.Build.0 = Debug|Any CPU
		{9E71835F-28A4-4288-A9B4-18EE4F0C1D5D}.Release|Any CPU.ActiveCfg = Release|Any CPU
		{9E71835F-28A4-4288-A9B4-18EE4F0C1D5D}.Release|Any CPU.Build.0 = Release|Any CPU
		{513B1851-4576-45EC-8F8E-400A38B05502}.Debug|Any CPU.ActiveCfg = Debug|Any CPU
		{513B1851-4576-45EC-8F8E-400A38B05502}.Debug|Any CPU.Build.0 = Debug|Any CPU
		{513B1851-4576-45EC-8F8E-400A38B05502}.Release|Any CPU.ActiveCfg = Release|Any CPU
		{513B1851-4576-45EC-8F8E-400A38B05502}.Release|Any CPU.Build.0 = Release|Any CPU
		{FDB88E51-0D73-47B9-A342-E574EC0BA583}.Debug|Any CPU.ActiveCfg = Debug|Any CPU
		{FDB88E51-0D73-47B9-A342-E574EC0BA583}.Debug|Any CPU.Build.0 = Debug|Any CPU
		{FDB88E51-0D73-47B9-A342-E574EC0BA583}.Release|Any CPU.ActiveCfg = Release|Any CPU
		{FDB88E51-0D73-47B9-A342-E574EC0BA583}.Release|Any CPU.Build.0 = Release|Any CPU
		{D59E1840-2204-4E6D-A38F-B284A85903BD}.Debug|Any CPU.ActiveCfg = Debug|Any CPU
		{D59E1840-2204-4E6D-A38F-B284A85903BD}.Debug|Any CPU.Build.0 = Debug|Any CPU
		{D59E1840-2204-4E6D-A38F-B284A85903BD}.Release|Any CPU.ActiveCfg = Release|Any CPU
		{D59E1840-2204-4E6D-A38F-B284A85903BD}.Release|Any CPU.Build.0 = Release|Any CPU
		{EC371A75-3507-43C0-B988-642A16C912B2}.Debug|Any CPU.ActiveCfg = Debug|x64
		{EC371A75-3507-43C0-B988-642A16C912B2}.Debug|Any CPU.Build.0 = Debug|x64
		{EC371A75-3507-43C0-B988-642A16C912B2}.Debug|Any CPU.Deploy.0 = Debug|x64
		{EC371A75-3507-43C0-B988-642A16C912B2}.Release|Any CPU.ActiveCfg = Release|x64
		{EC371A75-3507-43C0-B988-642A16C912B2}.Release|Any CPU.Build.0 = Release|x64
		{EC371A75-3507-43C0-B988-642A16C912B2}.Release|Any CPU.Deploy.0 = Release|x64
	EndGlobalSection
	GlobalSection(SolutionProperties) = preSolution
		HideSolutionNode = FALSE
	EndGlobalSection
	GlobalSection(ExtensibilityGlobals) = postSolution
		SolutionGuid = {739A0801-DD94-4AFC-90B9-22D85C9BA43B}
	EndGlobalSection
EndGlobal
